// !$*UTF8*$!
{
	archiveVersion = 1;
	classes = {
	};
	objectVersion = 46;
	objects = {

/* Begin PBXBuildFile section */
		2B0F073E1DF67BD100384A57 /* Beak.podspec in Resources */ = {isa = PBXBuildFile; fileRef = 2B0F073D1DF67BD100384A57 /* Beak.podspec */; };
		2B0F07401DF67BFD00384A57 /* Cartfile in Resources */ = {isa = PBXBuildFile; fileRef = 2B0F073F1DF67BFD00384A57 /* Cartfile */; };
		2B0F07451DF688DD00384A57 /* BBStringExtension.swift in Sources */ = {isa = PBXBuildFile; fileRef = 2B0F07441DF688DD00384A57 /* BBStringExtension.swift */; };
		2B0F07481DF68AA300384A57 /* BBBPC.swift in Sources */ = {isa = PBXBuildFile; fileRef = 2B0F07471DF68AA300384A57 /* BBBPC.swift */; };
		2B28D52621609FAE005A00E8 /* XCGLogger.framework in Frameworks */ = {isa = PBXBuildFile; fileRef = 2B58A21B21607F1B0050A629 /* XCGLogger.framework */; };
		2B4FD0761E0C04F700192121 /* BBCGFloatExtension.swift in Sources */ = {isa = PBXBuildFile; fileRef = 2B4FD0751E0C04F600192121 /* BBCGFloatExtension.swift */; };
		2B6164371E544B460023136F /* AlamofireObjectMapper.framework in Frameworks */ = {isa = PBXBuildFile; fileRef = 2B6C0A2A1E52DC9D000517F1 /* AlamofireObjectMapper.framework */; };
		2B6203371E018E9E00232CBC /* BBDateExtension.swift in Sources */ = {isa = PBXBuildFile; fileRef = 2B6203361E018E9E00232CBC /* BBDateExtension.swift */; };
		2B6203801E01B74000232CBC /* BBBondExtension.swift in Sources */ = {isa = PBXBuildFile; fileRef = 2B62037F1E01B74000232CBC /* BBBondExtension.swift */; };
		2BA0F88F1DF5C7C7006BCB5E /* ObjectMapper.framework in Frameworks */ = {isa = PBXBuildFile; fileRef = 2BA0F87B1DF5C521006BCB5E /* ObjectMapper.framework */; };
		2BAC25721DF5A73500655F19 /* Beak.framework in Frameworks */ = {isa = PBXBuildFile; fileRef = 2BAC25681DF5A73500655F19 /* Beak.framework */; };
		2BAC25771DF5A73500655F19 /* BeakTests.swift in Sources */ = {isa = PBXBuildFile; fileRef = 2BAC25761DF5A73500655F19 /* BeakTests.swift */; };
		2BAC25791DF5A73500655F19 /* Beak.h in Headers */ = {isa = PBXBuildFile; fileRef = 2BAC256B1DF5A73500655F19 /* Beak.h */; settings = {ATTRIBUTES = (Public, ); }; };
		2BCE687E1E1EA5FB000A5B0B /* UIAnimation.swift in Sources */ = {isa = PBXBuildFile; fileRef = 2BCE687D1E1EA5FB000A5B0B /* UIAnimation.swift */; };
		2BF604721DF7E3D60010EA45 /* BBSegueUtil.swift in Sources */ = {isa = PBXBuildFile; fileRef = 2BF604711DF7E3D60010EA45 /* BBSegueUtil.swift */; };
		2BF6049E1DF7E3DF0010EA45 /* BBSegue.swift in Sources */ = {isa = PBXBuildFile; fileRef = 2BF6049D1DF7E3DF0010EA45 /* BBSegue.swift */; };
		2BF604E71DF805F70010EA45 /* UIComponent.swift in Sources */ = {isa = PBXBuildFile; fileRef = 2BF604E61DF805F70010EA45 /* UIComponent.swift */; };
		2BF604E91DF808790010EA45 /* BBUIViewExtension.swift in Sources */ = {isa = PBXBuildFile; fileRef = 2BF604E81DF808790010EA45 /* BBUIViewExtension.swift */; };
		2BF605C31E0028FD0010EA45 /* BBArrayExtension.swift in Sources */ = {isa = PBXBuildFile; fileRef = 2BF605C21E0028FD0010EA45 /* BBArrayExtension.swift */; };
/* End PBXBuildFile section */

/* Begin PBXContainerItemProxy section */
		2B58A21A21607F1B0050A629 /* PBXContainerItemProxy */ = {
			isa = PBXContainerItemProxy;
			containerPortal = 2B58A20B21607F1B0050A629 /* XCGLogger.xcodeproj */;
			proxyType = 2;
			remoteGlobalIDString = 55E3EE4519D76F280068C3A7;
			remoteInfo = "XCGLogger (iOS)";
		};
		2B58A21C21607F1B0050A629 /* PBXContainerItemProxy */ = {
			isa = PBXContainerItemProxy;
			containerPortal = 2B58A20B21607F1B0050A629 /* XCGLogger.xcodeproj */;
			proxyType = 2;
			remoteGlobalIDString = 554DF41719D76FE7005708BE;
			remoteInfo = "XCGLogger (macOS)";
		};
		2B58A21E21607F1B0050A629 /* PBXContainerItemProxy */ = {
			isa = PBXContainerItemProxy;
			containerPortal = 2B58A20B21607F1B0050A629 /* XCGLogger.xcodeproj */;
			proxyType = 2;
			remoteGlobalIDString = 70CB94201B99E728007802FF;
			remoteInfo = "XCGLogger (watchOS)";
		};
		2B58A22021607F1B0050A629 /* PBXContainerItemProxy */ = {
			isa = PBXContainerItemProxy;
			containerPortal = 2B58A20B21607F1B0050A629 /* XCGLogger.xcodeproj */;
			proxyType = 2;
			remoteGlobalIDString = 5515A3DF1BA119FA0047BA31;
			remoteInfo = "XCGLogger (tvOS)";
		};
		2B58A22221607F1B0050A629 /* PBXContainerItemProxy */ = {
			isa = PBXContainerItemProxy;
			containerPortal = 2B58A20B21607F1B0050A629 /* XCGLogger.xcodeproj */;
			proxyType = 2;
			remoteGlobalIDString = 55E3EE5019D76F280068C3A7;
			remoteInfo = "XCGLoggerTests (iOS)";
		};
		2B58A22421607F1B0050A629 /* PBXContainerItemProxy */ = {
			isa = PBXContainerItemProxy;
			containerPortal = 2B58A20B21607F1B0050A629 /* XCGLogger.xcodeproj */;
			proxyType = 2;
			remoteGlobalIDString = 55BB1F011B79DC7500709779;
			remoteInfo = "XCGLoggerTests (macOS)";
		};
		2B58A22621607F1B0050A629 /* PBXContainerItemProxy */ = {
			isa = PBXContainerItemProxy;
			containerPortal = 2B58A20B21607F1B0050A629 /* XCGLogger.xcodeproj */;
			proxyType = 2;
			remoteGlobalIDString = 558EEB851D6BAC61006A9C7A;
			remoteInfo = "XCGLoggerTests (watchOS)";
		};
		2B58A22821607F1B0050A629 /* PBXContainerItemProxy */ = {
			isa = PBXContainerItemProxy;
			containerPortal = 2B58A20B21607F1B0050A629 /* XCGLogger.xcodeproj */;
			proxyType = 2;
			remoteGlobalIDString = 558EEB921D6BAC66006A9C7A;
			remoteInfo = "XCGLoggerTests (tvOS)";
		};
		2B58A22A21607F1B0050A629 /* PBXContainerItemProxy */ = {
			isa = PBXContainerItemProxy;
			containerPortal = 2B58A20B21607F1B0050A629 /* XCGLogger.xcodeproj */;
			proxyType = 2;
			remoteGlobalIDString = 7573B4BE1DE4146300726CE1;
			remoteInfo = "ObjcExceptionBridging (iOS)";
		};
		2B58A22C21607F1B0050A629 /* PBXContainerItemProxy */ = {
			isa = PBXContainerItemProxy;
			containerPortal = 2B58A20B21607F1B0050A629 /* XCGLogger.xcodeproj */;
			proxyType = 2;
			remoteGlobalIDString = 7573B4E11DE41AC200726CE1;
			remoteInfo = "ObjcExceptionBridging (macOS)";
		};
		2B58A22E21607F1B0050A629 /* PBXContainerItemProxy */ = {
			isa = PBXContainerItemProxy;
			containerPortal = 2B58A20B21607F1B0050A629 /* XCGLogger.xcodeproj */;
			proxyType = 2;
			remoteGlobalIDString = 7573B4F01DE41B1800726CE1;
			remoteInfo = "ObjcExceptionBridging (watchOS)";
		};
		2B58A23021607F1B0050A629 /* PBXContainerItemProxy */ = {
			isa = PBXContainerItemProxy;
			containerPortal = 2B58A20B21607F1B0050A629 /* XCGLogger.xcodeproj */;
			proxyType = 2;
			remoteGlobalIDString = 7573B5011DE41B5000726CE1;
			remoteInfo = "ObjcExceptionBridging (tvOS)";
		};
		2B6C0A291E52DC9D000517F1 /* PBXContainerItemProxy */ = {
			isa = PBXContainerItemProxy;
			containerPortal = 2B6C0A1D1E52DC9D000517F1 /* AlamofireObjectMapper.xcodeproj */;
			proxyType = 2;
			remoteGlobalIDString = 6AB2A0111AF26C36001EBB20;
			remoteInfo = "AlamofireObjectMapper iOS";
		};
		2B6C0A2B1E52DC9D000517F1 /* PBXContainerItemProxy */ = {
			isa = PBXContainerItemProxy;
			containerPortal = 2B6C0A1D1E52DC9D000517F1 /* AlamofireObjectMapper.xcodeproj */;
			proxyType = 2;
			remoteGlobalIDString = 6AB2A01C1AF26C36001EBB20;
			remoteInfo = "AlamofireObjectMapperTests iOS";
		};
		2B6C0A2D1E52DC9D000517F1 /* PBXContainerItemProxy */ = {
			isa = PBXContainerItemProxy;
			containerPortal = 2B6C0A1D1E52DC9D000517F1 /* AlamofireObjectMapper.xcodeproj */;
			proxyType = 2;
			remoteGlobalIDString = 6AB2A0851AF27DF1001EBB20;
			remoteInfo = "AlamofireObjectMapper OSX";
		};
		2B6C0A2F1E52DC9D000517F1 /* PBXContainerItemProxy */ = {
			isa = PBXContainerItemProxy;
			containerPortal = 2B6C0A1D1E52DC9D000517F1 /* AlamofireObjectMapper.xcodeproj */;
			proxyType = 2;
			remoteGlobalIDString = 6AB2A08F1AF27DF1001EBB20;
			remoteInfo = "AlamofireObjectMapperTests OSX";
		};
		2B6C0A311E52DC9D000517F1 /* PBXContainerItemProxy */ = {
			isa = PBXContainerItemProxy;
			containerPortal = 2B6C0A1D1E52DC9D000517F1 /* AlamofireObjectMapper.xcodeproj */;
			proxyType = 2;
			remoteGlobalIDString = 6AC692061BE3F69E004C119A;
			remoteInfo = "AlamofireObjectMapper tvOS";
		};
		2B6C0A331E52DC9D000517F1 /* PBXContainerItemProxy */ = {
			isa = PBXContainerItemProxy;
			containerPortal = 2B6C0A1D1E52DC9D000517F1 /* AlamofireObjectMapper.xcodeproj */;
			proxyType = 2;
			remoteGlobalIDString = 6AC692121BE3F7F5004C119A;
			remoteInfo = "AlamofireObjectMapperTests tvOS";
		};
		2B6C0A351E52DC9D000517F1 /* PBXContainerItemProxy */ = {
			isa = PBXContainerItemProxy;
			containerPortal = 2B6C0A1D1E52DC9D000517F1 /* AlamofireObjectMapper.xcodeproj */;
			proxyType = 2;
			remoteGlobalIDString = 6AC4580C1BA34C5600054758;
			remoteInfo = "AlamofireObjectMapper watchOS";
		};
		2BA0F87A1DF5C521006BCB5E /* PBXContainerItemProxy */ = {
			isa = PBXContainerItemProxy;
			containerPortal = 2BA0F8701DF5C521006BCB5E /* ObjectMapper.xcodeproj */;
			proxyType = 2;
			remoteGlobalIDString = 6AAC8F7619F03C2900E7A677;
			remoteInfo = "ObjectMapper-iOS";
		};
		2BA0F87C1DF5C521006BCB5E /* PBXContainerItemProxy */ = {
			isa = PBXContainerItemProxy;
			containerPortal = 2BA0F8701DF5C521006BCB5E /* ObjectMapper.xcodeproj */;
			proxyType = 2;
			remoteGlobalIDString = CD1602FF1AC023D5000CD69A;
			remoteInfo = "ObjectMapper-Mac";
		};
		2BA0F87E1DF5C521006BCB5E /* PBXContainerItemProxy */ = {
			isa = PBXContainerItemProxy;
			containerPortal = 2BA0F8701DF5C521006BCB5E /* ObjectMapper.xcodeproj */;
			proxyType = 2;
			remoteGlobalIDString = 6A2AD03D1B2C78540097E150;
			remoteInfo = "ObjectMapper-watchOS";
		};
		2BA0F8801DF5C521006BCB5E /* PBXContainerItemProxy */ = {
			isa = PBXContainerItemProxy;
			containerPortal = 2BA0F8701DF5C521006BCB5E /* ObjectMapper.xcodeproj */;
			proxyType = 2;
			remoteGlobalIDString = 6A05B7A61BE274BE00F19B53;
			remoteInfo = "ObjectMapper-tvOS";
		};
		2BA0F8821DF5C521006BCB5E /* PBXContainerItemProxy */ = {
			isa = PBXContainerItemProxy;
			containerPortal = 2BA0F8701DF5C521006BCB5E /* ObjectMapper.xcodeproj */;
			proxyType = 2;
			remoteGlobalIDString = 6AAC8F8119F03C2900E7A677;
			remoteInfo = "ObjectMapper-iOSTests";
		};
		2BA0F8841DF5C521006BCB5E /* PBXContainerItemProxy */ = {
			isa = PBXContainerItemProxy;
			containerPortal = 2BA0F8701DF5C521006BCB5E /* ObjectMapper.xcodeproj */;
			proxyType = 2;
			remoteGlobalIDString = CD1603091AC023D6000CD69A;
			remoteInfo = "ObjectMapper-MacTests";
		};
		2BA0F8861DF5C521006BCB5E /* PBXContainerItemProxy */ = {
			isa = PBXContainerItemProxy;
			containerPortal = 2BA0F8701DF5C521006BCB5E /* ObjectMapper.xcodeproj */;
			proxyType = 2;
			remoteGlobalIDString = 6A05B7AF1BE274BE00F19B53;
			remoteInfo = "ObjectMapper-tvOSTests";
		};
		2BAC25731DF5A73500655F19 /* PBXContainerItemProxy */ = {
			isa = PBXContainerItemProxy;
			containerPortal = 2BAC255F1DF5A73400655F19 /* Project object */;
			proxyType = 1;
			remoteGlobalIDString = 2BAC25671DF5A73400655F19;
			remoteInfo = Beak;
		};
/* End PBXContainerItemProxy section */

/* Begin PBXFileReference section */
		2B0F073D1DF67BD100384A57 /* Beak.podspec */ = {isa = PBXFileReference; fileEncoding = 4; lastKnownFileType = text; name = Beak.podspec; path = ../Beak.podspec; sourceTree = "<group>"; };
		2B0F073F1DF67BFD00384A57 /* Cartfile */ = {isa = PBXFileReference; fileEncoding = 4; lastKnownFileType = text; name = Cartfile; path = ../Cartfile; sourceTree = "<group>"; };
		2B0F07441DF688DD00384A57 /* BBStringExtension.swift */ = {isa = PBXFileReference; fileEncoding = 4; lastKnownFileType = sourcecode.swift; name = BBStringExtension.swift; path = extension/BBStringExtension.swift; sourceTree = "<group>"; };
		2B0F07471DF68AA300384A57 /* BBBPC.swift */ = {isa = PBXFileReference; fileEncoding = 4; lastKnownFileType = sourcecode.swift; name = BBBPC.swift; path = bpc/BBBPC.swift; sourceTree = "<group>"; };
		2B4FD0751E0C04F600192121 /* BBCGFloatExtension.swift */ = {isa = PBXFileReference; fileEncoding = 4; lastKnownFileType = sourcecode.swift; name = BBCGFloatExtension.swift; path = extension/BBCGFloatExtension.swift; sourceTree = "<group>"; };
		2B58A20B21607F1B0050A629 /* XCGLogger.xcodeproj */ = {isa = PBXFileReference; lastKnownFileType = "wrapper.pb-project"; name = XCGLogger.xcodeproj; path = ../Carthage/Checkouts/XCGLogger/XCGLogger.xcodeproj; sourceTree = "<group>"; };
		2B61638A1E543E010023136F /* Alamofire.framework */ = {isa = PBXFileReference; lastKnownFileType = wrapper.framework; name = Alamofire.framework; path = "../Carthage/Checkouts/AlamofireObjectMapper/Carthage/Checkouts/Alamofire/build/Debug-iphoneos/Alamofire.framework"; sourceTree = "<group>"; };
		2B61638B1E543E010023136F /* ObjectMapper.framework */ = {isa = PBXFileReference; lastKnownFileType = wrapper.framework; name = ObjectMapper.framework; path = "/Users/bargetor/Documents/project/IOS/Migrant-iOS/Pods/../build/Release-iphoneos/ObjectMapper/ObjectMapper.framework"; sourceTree = "<absolute>"; };
		2B6163901E543EDC0023136F /* Alamofire.framework */ = {isa = PBXFileReference; lastKnownFileType = wrapper.framework; name = Alamofire.framework; path = "../../../../../Library/Developer/Xcode/DerivedData/Migrant-dmdzencplkkpdzbxvtbddsrkmxrs/Build/Products/Debug-iphoneos/Alamofire.framework"; sourceTree = "<group>"; };
		2B6163911E543EDC0023136F /* ObjectMapper.framework */ = {isa = PBXFileReference; lastKnownFileType = wrapper.framework; name = ObjectMapper.framework; path = "../../../../../Library/Developer/Xcode/DerivedData/Migrant-dmdzencplkkpdzbxvtbddsrkmxrs/Build/Products/Debug-iphoneos/ObjectMapper.framework"; sourceTree = "<group>"; };
		2B6163B41E543FCD0023136F /* ObjectMapper.framework */ = {isa = PBXFileReference; lastKnownFileType = wrapper.framework; name = ObjectMapper.framework; path = "../../../../../Library/Developer/Xcode/DerivedData/Migrant-dmdzencplkkpdzbxvtbddsrkmxrs/Build/Products/Debug-iphoneos/ObjectMapper/ObjectMapper.framework"; sourceTree = "<group>"; };
		2B6163B61E54402D0023136F /* ObjectMapper.framework */ = {isa = PBXFileReference; lastKnownFileType = wrapper.framework; name = ObjectMapper.framework; path = "../Carthage/Checkouts/AlamofireObjectMapper/Carthage/Checkouts/ObjectMapper/build/Debug-iphoneos/ObjectMapper.framework"; sourceTree = "<group>"; };
		2B6203361E018E9E00232CBC /* BBDateExtension.swift */ = {isa = PBXFileReference; fileEncoding = 4; lastKnownFileType = sourcecode.swift; name = BBDateExtension.swift; path = extension/BBDateExtension.swift; sourceTree = "<group>"; };
		2B62037F1E01B74000232CBC /* BBBondExtension.swift */ = {isa = PBXFileReference; fileEncoding = 4; lastKnownFileType = sourcecode.swift; name = BBBondExtension.swift; path = extension/BBBondExtension.swift; sourceTree = "<group>"; };
		2B6C0A1D1E52DC9D000517F1 /* AlamofireObjectMapper.xcodeproj */ = {isa = PBXFileReference; lastKnownFileType = "wrapper.pb-project"; name = AlamofireObjectMapper.xcodeproj; path = ../Carthage/Checkouts/AlamofireObjectMapper/AlamofireObjectMapper.xcodeproj; sourceTree = "<group>"; };
		2BA0F8701DF5C521006BCB5E /* ObjectMapper.xcodeproj */ = {isa = PBXFileReference; lastKnownFileType = "wrapper.pb-project"; name = ObjectMapper.xcodeproj; path = ../Carthage/Checkouts/ObjectMapper/ObjectMapper.xcodeproj; sourceTree = "<group>"; };
		2BAC25681DF5A73500655F19 /* Beak.framework */ = {isa = PBXFileReference; explicitFileType = wrapper.framework; includeInIndex = 0; path = Beak.framework; sourceTree = BUILT_PRODUCTS_DIR; };
		2BAC256B1DF5A73500655F19 /* Beak.h */ = {isa = PBXFileReference; lastKnownFileType = sourcecode.c.h; path = Beak.h; sourceTree = "<group>"; };
		2BAC256C1DF5A73500655F19 /* Info.plist */ = {isa = PBXFileReference; lastKnownFileType = text.plist.xml; path = Info.plist; sourceTree = "<group>"; };
		2BAC25711DF5A73500655F19 /* BeakTests.xctest */ = {isa = PBXFileReference; explicitFileType = wrapper.cfbundle; includeInIndex = 0; path = BeakTests.xctest; sourceTree = BUILT_PRODUCTS_DIR; };
		2BAC25761DF5A73500655F19 /* BeakTests.swift */ = {isa = PBXFileReference; lastKnownFileType = sourcecode.swift; path = BeakTests.swift; sourceTree = "<group>"; };
		2BAC25781DF5A73500655F19 /* Info.plist */ = {isa = PBXFileReference; lastKnownFileType = text.plist.xml; path = Info.plist; sourceTree = "<group>"; };
		2BCE687D1E1EA5FB000A5B0B /* UIAnimation.swift */ = {isa = PBXFileReference; fileEncoding = 4; lastKnownFileType = sourcecode.swift; name = UIAnimation.swift; path = view/UIAnimation.swift; sourceTree = "<group>"; };
		2BF604711DF7E3D60010EA45 /* BBSegueUtil.swift */ = {isa = PBXFileReference; fileEncoding = 4; lastKnownFileType = sourcecode.swift; name = BBSegueUtil.swift; path = util/BBSegueUtil.swift; sourceTree = "<group>"; };
		2BF6049D1DF7E3DF0010EA45 /* BBSegue.swift */ = {isa = PBXFileReference; fileEncoding = 4; lastKnownFileType = sourcecode.swift; name = BBSegue.swift; path = extension/BBSegue.swift; sourceTree = "<group>"; };
		2BF604E61DF805F70010EA45 /* UIComponent.swift */ = {isa = PBXFileReference; fileEncoding = 4; lastKnownFileType = sourcecode.swift; name = UIComponent.swift; path = view/UIComponent.swift; sourceTree = "<group>"; };
		2BF604E81DF808790010EA45 /* BBUIViewExtension.swift */ = {isa = PBXFileReference; fileEncoding = 4; lastKnownFileType = sourcecode.swift; name = BBUIViewExtension.swift; path = extension/BBUIViewExtension.swift; sourceTree = "<group>"; };
		2BF605C21E0028FD0010EA45 /* BBArrayExtension.swift */ = {isa = PBXFileReference; fileEncoding = 4; lastKnownFileType = sourcecode.swift; name = BBArrayExtension.swift; path = extension/BBArrayExtension.swift; sourceTree = "<group>"; };
/* End PBXFileReference section */

/* Begin PBXFrameworksBuildPhase section */
		2BAC25641DF5A73400655F19 /* Frameworks */ = {
			isa = PBXFrameworksBuildPhase;
			buildActionMask = 2147483647;
			files = (
				2B28D52621609FAE005A00E8 /* XCGLogger.framework in Frameworks */,
				2B6164371E544B460023136F /* AlamofireObjectMapper.framework in Frameworks */,
			);
			runOnlyForDeploymentPostprocessing = 0;
		};
		2BAC256E1DF5A73500655F19 /* Frameworks */ = {
			isa = PBXFrameworksBuildPhase;
			buildActionMask = 2147483647;
			files = (
				2BA0F88F1DF5C7C7006BCB5E /* ObjectMapper.framework in Frameworks */,
				2BAC25721DF5A73500655F19 /* Beak.framework in Frameworks */,
			);
			runOnlyForDeploymentPostprocessing = 0;
		};
/* End PBXFrameworksBuildPhase section */

/* Begin PBXGroup section */
		2B0F07431DF6889F00384A57 /* extension */ = {
			isa = PBXGroup;
			children = (
				2B62037F1E01B74000232CBC /* BBBondExtension.swift */,
				2BF6049D1DF7E3DF0010EA45 /* BBSegue.swift */,
				2B0F07441DF688DD00384A57 /* BBStringExtension.swift */,
				2BF604E81DF808790010EA45 /* BBUIViewExtension.swift */,
				2BF605C21E0028FD0010EA45 /* BBArrayExtension.swift */,
				2B6203361E018E9E00232CBC /* BBDateExtension.swift */,
				2B4FD0751E0C04F600192121 /* BBCGFloatExtension.swift */,
			);
			name = extension;
			sourceTree = "<group>";
		};
		2B0F07461DF68A7C00384A57 /* bpc */ = {
			isa = PBXGroup;
			children = (
				2B0F07471DF68AA300384A57 /* BBBPC.swift */,
			);
			name = bpc;
			sourceTree = "<group>";
		};
		2B58A20C21607F1B0050A629 /* Products */ = {
			isa = PBXGroup;
			children = (
				2B58A21B21607F1B0050A629 /* XCGLogger.framework */,
				2B58A21D21607F1B0050A629 /* XCGLogger.framework */,
				2B58A21F21607F1B0050A629 /* XCGLogger.framework */,
				2B58A22121607F1B0050A629 /* XCGLogger.framework */,
				2B58A22321607F1B0050A629 /* XCGLoggerTests (iOS).xctest */,
				2B58A22521607F1B0050A629 /* XCGLoggerTests (macOS).xctest */,
				2B58A22721607F1B0050A629 /* XCGLoggerTests (watchOS).xctest */,
				2B58A22921607F1B0050A629 /* XCGLoggerTests (tvOS).xctest */,
				2B58A22B21607F1B0050A629 /* ObjcExceptionBridging.framework */,
				2B58A22D21607F1B0050A629 /* ObjcExceptionBridging.framework */,
				2B58A22F21607F1B0050A629 /* ObjcExceptionBridging.framework */,
				2B58A23121607F1B0050A629 /* ObjcExceptionBridging.framework */,
			);
			name = Products;
			sourceTree = "<group>";
		};
		2B6C0A111E52DC53000517F1 /* dependency */ = {
			isa = PBXGroup;
			children = (
				2B58A20B21607F1B0050A629 /* XCGLogger.xcodeproj */,
				2B6C0A1D1E52DC9D000517F1 /* AlamofireObjectMapper.xcodeproj */,
			);
			name = dependency;
			sourceTree = "<group>";
		};
		2B6C0A1E1E52DC9D000517F1 /* Products */ = {
			isa = PBXGroup;
			children = (
				2B6C0A2A1E52DC9D000517F1 /* AlamofireObjectMapper.framework */,
				2B6C0A2C1E52DC9D000517F1 /* AlamofireObjectMapperTests iOS.xctest */,
				2B6C0A2E1E52DC9D000517F1 /* AlamofireObjectMapper.framework */,
				2B6C0A301E52DC9D000517F1 /* AlamofireObjectMapperTests OSX.xctest */,
				2B6C0A321E52DC9D000517F1 /* AlamofireObjectMapper.framework */,
				2B6C0A341E52DC9D000517F1 /* AlamofireObjectMapperTests tvOS.xctest */,
				2B6C0A361E52DC9D000517F1 /* AlamofireObjectMapper.framework */,
			);
			name = Products;
			sourceTree = "<group>";
		};
		2BA0F8711DF5C521006BCB5E /* Products */ = {
			isa = PBXGroup;
			children = (
				2BA0F87B1DF5C521006BCB5E /* ObjectMapper.framework */,
				2BA0F87D1DF5C521006BCB5E /* ObjectMapper.framework */,
				2BA0F87F1DF5C521006BCB5E /* ObjectMapper.framework */,
				2BA0F8811DF5C521006BCB5E /* ObjectMapper.framework */,
				2BA0F8831DF5C521006BCB5E /* ObjectMapper-iOSTests.xctest */,
				2BA0F8851DF5C521006BCB5E /* ObjectMapper-MacTests.xctest */,
				2BA0F8871DF5C521006BCB5E /* ObjectMapper-tvOSTests.xctest */,
			);
			name = Products;
			sourceTree = "<group>";
		};
		2BA0F8881DF5C594006BCB5E /* Frameworks */ = {
			isa = PBXGroup;
			children = (
				2B6163B61E54402D0023136F /* ObjectMapper.framework */,
				2B6163B41E543FCD0023136F /* ObjectMapper.framework */,
				2B6163901E543EDC0023136F /* Alamofire.framework */,
				2B6163911E543EDC0023136F /* ObjectMapper.framework */,
				2B61638A1E543E010023136F /* Alamofire.framework */,
				2B61638B1E543E010023136F /* ObjectMapper.framework */,
			);
			name = Frameworks;
			sourceTree = "<group>";
		};
		2BAC255E1DF5A73400655F19 = {
			isa = PBXGroup;
			children = (
				2B0F073F1DF67BFD00384A57 /* Cartfile */,
				2B0F073D1DF67BD100384A57 /* Beak.podspec */,
				2B6C0A111E52DC53000517F1 /* dependency */,
				2BAC256A1DF5A73500655F19 /* Beak */,
				2BAC25751DF5A73500655F19 /* BeakTests */,
				2BAC25691DF5A73500655F19 /* Products */,
				2BA0F8881DF5C594006BCB5E /* Frameworks */,
			);
			sourceTree = "<group>";
		};
		2BAC25691DF5A73500655F19 /* Products */ = {
			isa = PBXGroup;
			children = (
				2BAC25681DF5A73500655F19 /* Beak.framework */,
				2BAC25711DF5A73500655F19 /* BeakTests.xctest */,
			);
			name = Products;
			sourceTree = "<group>";
		};
		2BAC256A1DF5A73500655F19 /* Beak */ = {
			isa = PBXGroup;
			children = (
				2BF604E51DF805EB0010EA45 /* view */,
				2BE14CA81DF6945900878C80 /* util */,
				2B0F07461DF68A7C00384A57 /* bpc */,
				2B0F07431DF6889F00384A57 /* extension */,
				2BAC256B1DF5A73500655F19 /* Beak.h */,
				2BAC256C1DF5A73500655F19 /* Info.plist */,
			);
			path = Beak;
			sourceTree = "<group>";
		};
		2BAC25751DF5A73500655F19 /* BeakTests */ = {
			isa = PBXGroup;
			children = (
				2BAC25761DF5A73500655F19 /* BeakTests.swift */,
				2BAC25781DF5A73500655F19 /* Info.plist */,
			);
			path = BeakTests;
			sourceTree = "<group>";
		};
		2BE14CA81DF6945900878C80 /* util */ = {
			isa = PBXGroup;
			children = (
				2BF604711DF7E3D60010EA45 /* BBSegueUtil.swift */,
			);
			name = util;
			sourceTree = "<group>";
		};
		2BF604E51DF805EB0010EA45 /* view */ = {
			isa = PBXGroup;
			children = (
				2BF604E61DF805F70010EA45 /* UIComponent.swift */,
				2BCE687D1E1EA5FB000A5B0B /* UIAnimation.swift */,
			);
			name = view;
			sourceTree = "<group>";
		};
/* End PBXGroup section */

/* Begin PBXHeadersBuildPhase section */
		2BAC25651DF5A73400655F19 /* Headers */ = {
			isa = PBXHeadersBuildPhase;
			buildActionMask = 2147483647;
			files = (
				2BAC25791DF5A73500655F19 /* Beak.h in Headers */,
			);
			runOnlyForDeploymentPostprocessing = 0;
		};
/* End PBXHeadersBuildPhase section */

/* Begin PBXNativeTarget section */
		2BAC25671DF5A73400655F19 /* Beak */ = {
			isa = PBXNativeTarget;
			buildConfigurationList = 2BAC257C1DF5A73500655F19 /* Build configuration list for PBXNativeTarget "Beak" */;
			buildPhases = (
				2BAC25631DF5A73400655F19 /* Sources */,
				2BAC25641DF5A73400655F19 /* Frameworks */,
				2BAC25651DF5A73400655F19 /* Headers */,
				2BAC25661DF5A73400655F19 /* Resources */,
			);
			buildRules = (
			);
			dependencies = (
			);
			name = Beak;
			productName = Beak;
			productReference = 2BAC25681DF5A73500655F19 /* Beak.framework */;
			productType = "com.apple.product-type.framework";
		};
		2BAC25701DF5A73500655F19 /* BeakTests */ = {
			isa = PBXNativeTarget;
			buildConfigurationList = 2BAC257F1DF5A73500655F19 /* Build configuration list for PBXNativeTarget "BeakTests" */;
			buildPhases = (
				2BAC256D1DF5A73500655F19 /* Sources */,
				2BAC256E1DF5A73500655F19 /* Frameworks */,
				2BAC256F1DF5A73500655F19 /* Resources */,
			);
			buildRules = (
			);
			dependencies = (
				2BAC25741DF5A73500655F19 /* PBXTargetDependency */,
			);
			name = BeakTests;
			productName = BeakTests;
			productReference = 2BAC25711DF5A73500655F19 /* BeakTests.xctest */;
			productType = "com.apple.product-type.bundle.unit-test";
		};
/* End PBXNativeTarget section */

/* Begin PBXProject section */
		2BAC255F1DF5A73400655F19 /* Project object */ = {
			isa = PBXProject;
			attributes = {
				LastSwiftUpdateCheck = 0810;
				LastUpgradeCheck = 0810;
				ORGANIZATIONNAME = "马进";
				TargetAttributes = {
					2BAC25671DF5A73400655F19 = {
						CreatedOnToolsVersion = 8.1;
						LastSwiftMigration = 0810;
						ProvisioningStyle = Automatic;
					};
					2BAC25701DF5A73500655F19 = {
						CreatedOnToolsVersion = 8.1;
						DevelopmentTeam = V8SUBFL28G;
						ProvisioningStyle = Automatic;
					};
				};
			};
			buildConfigurationList = 2BAC25621DF5A73400655F19 /* Build configuration list for PBXProject "Beak" */;
			compatibilityVersion = "Xcode 3.2";
			developmentRegion = English;
			hasScannedForEncodings = 0;
			knownRegions = (
				en,
			);
			mainGroup = 2BAC255E1DF5A73400655F19;
			productRefGroup = 2BAC25691DF5A73500655F19 /* Products */;
			projectDirPath = "";
			projectReferences = (
				{
					ProductGroup = 2B6C0A1E1E52DC9D000517F1 /* Products */;
					ProjectRef = 2B6C0A1D1E52DC9D000517F1 /* AlamofireObjectMapper.xcodeproj */;
				},
				{
					ProductGroup = 2BA0F8711DF5C521006BCB5E /* Products */;
					ProjectRef = 2BA0F8701DF5C521006BCB5E /* ObjectMapper.xcodeproj */;
				},
				{
					ProductGroup = 2B58A20C21607F1B0050A629 /* Products */;
					ProjectRef = 2B58A20B21607F1B0050A629 /* XCGLogger.xcodeproj */;
				},
			);
			projectRoot = "";
			targets = (
				2BAC25671DF5A73400655F19 /* Beak */,
				2BAC25701DF5A73500655F19 /* BeakTests */,
			);
		};
/* End PBXProject section */

/* Begin PBXReferenceProxy section */
		2B58A21B21607F1B0050A629 /* XCGLogger.framework */ = {
			isa = PBXReferenceProxy;
			fileType = wrapper.framework;
			path = XCGLogger.framework;
			remoteRef = 2B58A21A21607F1B0050A629 /* PBXContainerItemProxy */;
			sourceTree = BUILT_PRODUCTS_DIR;
		};
		2B58A21D21607F1B0050A629 /* XCGLogger.framework */ = {
			isa = PBXReferenceProxy;
			fileType = wrapper.framework;
			path = XCGLogger.framework;
			remoteRef = 2B58A21C21607F1B0050A629 /* PBXContainerItemProxy */;
			sourceTree = BUILT_PRODUCTS_DIR;
		};
		2B58A21F21607F1B0050A629 /* XCGLogger.framework */ = {
			isa = PBXReferenceProxy;
			fileType = wrapper.framework;
			path = XCGLogger.framework;
			remoteRef = 2B58A21E21607F1B0050A629 /* PBXContainerItemProxy */;
			sourceTree = BUILT_PRODUCTS_DIR;
		};
		2B58A22121607F1B0050A629 /* XCGLogger.framework */ = {
			isa = PBXReferenceProxy;
			fileType = wrapper.framework;
			path = XCGLogger.framework;
			remoteRef = 2B58A22021607F1B0050A629 /* PBXContainerItemProxy */;
			sourceTree = BUILT_PRODUCTS_DIR;
		};
		2B58A22321607F1B0050A629 /* XCGLoggerTests (iOS).xctest */ = {
			isa = PBXReferenceProxy;
			fileType = wrapper.cfbundle;
			path = "XCGLoggerTests (iOS).xctest";
			remoteRef = 2B58A22221607F1B0050A629 /* PBXContainerItemProxy */;
			sourceTree = BUILT_PRODUCTS_DIR;
		};
		2B58A22521607F1B0050A629 /* XCGLoggerTests (macOS).xctest */ = {
			isa = PBXReferenceProxy;
			fileType = wrapper.cfbundle;
			path = "XCGLoggerTests (macOS).xctest";
			remoteRef = 2B58A22421607F1B0050A629 /* PBXContainerItemProxy */;
			sourceTree = BUILT_PRODUCTS_DIR;
		};
		2B58A22721607F1B0050A629 /* XCGLoggerTests (watchOS).xctest */ = {
			isa = PBXReferenceProxy;
			fileType = wrapper.cfbundle;
			path = "XCGLoggerTests (watchOS).xctest";
			remoteRef = 2B58A22621607F1B0050A629 /* PBXContainerItemProxy */;
			sourceTree = BUILT_PRODUCTS_DIR;
		};
		2B58A22921607F1B0050A629 /* XCGLoggerTests (tvOS).xctest */ = {
			isa = PBXReferenceProxy;
			fileType = wrapper.cfbundle;
			path = "XCGLoggerTests (tvOS).xctest";
			remoteRef = 2B58A22821607F1B0050A629 /* PBXContainerItemProxy */;
			sourceTree = BUILT_PRODUCTS_DIR;
		};
		2B58A22B21607F1B0050A629 /* ObjcExceptionBridging.framework */ = {
			isa = PBXReferenceProxy;
			fileType = wrapper.framework;
			path = ObjcExceptionBridging.framework;
			remoteRef = 2B58A22A21607F1B0050A629 /* PBXContainerItemProxy */;
			sourceTree = BUILT_PRODUCTS_DIR;
		};
		2B58A22D21607F1B0050A629 /* ObjcExceptionBridging.framework */ = {
			isa = PBXReferenceProxy;
			fileType = wrapper.framework;
			path = ObjcExceptionBridging.framework;
			remoteRef = 2B58A22C21607F1B0050A629 /* PBXContainerItemProxy */;
			sourceTree = BUILT_PRODUCTS_DIR;
		};
		2B58A22F21607F1B0050A629 /* ObjcExceptionBridging.framework */ = {
			isa = PBXReferenceProxy;
			fileType = wrapper.framework;
			path = ObjcExceptionBridging.framework;
			remoteRef = 2B58A22E21607F1B0050A629 /* PBXContainerItemProxy */;
			sourceTree = BUILT_PRODUCTS_DIR;
		};
		2B58A23121607F1B0050A629 /* ObjcExceptionBridging.framework */ = {
			isa = PBXReferenceProxy;
			fileType = wrapper.framework;
			path = ObjcExceptionBridging.framework;
			remoteRef = 2B58A23021607F1B0050A629 /* PBXContainerItemProxy */;
			sourceTree = BUILT_PRODUCTS_DIR;
		};
		2B6C0A2A1E52DC9D000517F1 /* AlamofireObjectMapper.framework */ = {
			isa = PBXReferenceProxy;
			fileType = wrapper.framework;
			path = AlamofireObjectMapper.framework;
			remoteRef = 2B6C0A291E52DC9D000517F1 /* PBXContainerItemProxy */;
			sourceTree = BUILT_PRODUCTS_DIR;
		};
		2B6C0A2C1E52DC9D000517F1 /* AlamofireObjectMapperTests iOS.xctest */ = {
			isa = PBXReferenceProxy;
			fileType = wrapper.cfbundle;
			path = "AlamofireObjectMapperTests iOS.xctest";
			remoteRef = 2B6C0A2B1E52DC9D000517F1 /* PBXContainerItemProxy */;
			sourceTree = BUILT_PRODUCTS_DIR;
		};
		2B6C0A2E1E52DC9D000517F1 /* AlamofireObjectMapper.framework */ = {
			isa = PBXReferenceProxy;
			fileType = wrapper.framework;
			path = AlamofireObjectMapper.framework;
			remoteRef = 2B6C0A2D1E52DC9D000517F1 /* PBXContainerItemProxy */;
			sourceTree = BUILT_PRODUCTS_DIR;
		};
		2B6C0A301E52DC9D000517F1 /* AlamofireObjectMapperTests OSX.xctest */ = {
			isa = PBXReferenceProxy;
			fileType = wrapper.cfbundle;
			path = "AlamofireObjectMapperTests OSX.xctest";
			remoteRef = 2B6C0A2F1E52DC9D000517F1 /* PBXContainerItemProxy */;
			sourceTree = BUILT_PRODUCTS_DIR;
		};
		2B6C0A321E52DC9D000517F1 /* AlamofireObjectMapper.framework */ = {
			isa = PBXReferenceProxy;
			fileType = wrapper.framework;
			path = AlamofireObjectMapper.framework;
			remoteRef = 2B6C0A311E52DC9D000517F1 /* PBXContainerItemProxy */;
			sourceTree = BUILT_PRODUCTS_DIR;
		};
		2B6C0A341E52DC9D000517F1 /* AlamofireObjectMapperTests tvOS.xctest */ = {
			isa = PBXReferenceProxy;
			fileType = wrapper.cfbundle;
			path = "AlamofireObjectMapperTests tvOS.xctest";
			remoteRef = 2B6C0A331E52DC9D000517F1 /* PBXContainerItemProxy */;
			sourceTree = BUILT_PRODUCTS_DIR;
		};
		2B6C0A361E52DC9D000517F1 /* AlamofireObjectMapper.framework */ = {
			isa = PBXReferenceProxy;
			fileType = wrapper.framework;
			path = AlamofireObjectMapper.framework;
			remoteRef = 2B6C0A351E52DC9D000517F1 /* PBXContainerItemProxy */;
			sourceTree = BUILT_PRODUCTS_DIR;
		};
		2BA0F87B1DF5C521006BCB5E /* ObjectMapper.framework */ = {
			isa = PBXReferenceProxy;
			fileType = wrapper.framework;
			path = ObjectMapper.framework;
			remoteRef = 2BA0F87A1DF5C521006BCB5E /* PBXContainerItemProxy */;
			sourceTree = BUILT_PRODUCTS_DIR;
		};
		2BA0F87D1DF5C521006BCB5E /* ObjectMapper.framework */ = {
			isa = PBXReferenceProxy;
			fileType = wrapper.framework;
			path = ObjectMapper.framework;
			remoteRef = 2BA0F87C1DF5C521006BCB5E /* PBXContainerItemProxy */;
			sourceTree = BUILT_PRODUCTS_DIR;
		};
		2BA0F87F1DF5C521006BCB5E /* ObjectMapper.framework */ = {
			isa = PBXReferenceProxy;
			fileType = wrapper.framework;
			path = ObjectMapper.framework;
			remoteRef = 2BA0F87E1DF5C521006BCB5E /* PBXContainerItemProxy */;
			sourceTree = BUILT_PRODUCTS_DIR;
		};
		2BA0F8811DF5C521006BCB5E /* ObjectMapper.framework */ = {
			isa = PBXReferenceProxy;
			fileType = wrapper.framework;
			path = ObjectMapper.framework;
			remoteRef = 2BA0F8801DF5C521006BCB5E /* PBXContainerItemProxy */;
			sourceTree = BUILT_PRODUCTS_DIR;
		};
		2BA0F8831DF5C521006BCB5E /* ObjectMapper-iOSTests.xctest */ = {
			isa = PBXReferenceProxy;
			fileType = wrapper.cfbundle;
			path = "ObjectMapper-iOSTests.xctest";
			remoteRef = 2BA0F8821DF5C521006BCB5E /* PBXContainerItemProxy */;
			sourceTree = BUILT_PRODUCTS_DIR;
		};
		2BA0F8851DF5C521006BCB5E /* ObjectMapper-MacTests.xctest */ = {
			isa = PBXReferenceProxy;
			fileType = wrapper.cfbundle;
			path = "ObjectMapper-MacTests.xctest";
			remoteRef = 2BA0F8841DF5C521006BCB5E /* PBXContainerItemProxy */;
			sourceTree = BUILT_PRODUCTS_DIR;
		};
		2BA0F8871DF5C521006BCB5E /* ObjectMapper-tvOSTests.xctest */ = {
			isa = PBXReferenceProxy;
			fileType = wrapper.cfbundle;
			path = "ObjectMapper-tvOSTests.xctest";
			remoteRef = 2BA0F8861DF5C521006BCB5E /* PBXContainerItemProxy */;
			sourceTree = BUILT_PRODUCTS_DIR;
		};
/* End PBXReferenceProxy section */

/* Begin PBXResourcesBuildPhase section */
		2BAC25661DF5A73400655F19 /* Resources */ = {
			isa = PBXResourcesBuildPhase;
			buildActionMask = 2147483647;
			files = (
				2B0F07401DF67BFD00384A57 /* Cartfile in Resources */,
				2B0F073E1DF67BD100384A57 /* Beak.podspec in Resources */,
			);
			runOnlyForDeploymentPostprocessing = 0;
		};
		2BAC256F1DF5A73500655F19 /* Resources */ = {
			isa = PBXResourcesBuildPhase;
			buildActionMask = 2147483647;
			files = (
			);
			runOnlyForDeploymentPostprocessing = 0;
		};
/* End PBXResourcesBuildPhase section */

/* Begin PBXSourcesBuildPhase section */
		2BAC25631DF5A73400655F19 /* Sources */ = {
			isa = PBXSourcesBuildPhase;
			buildActionMask = 2147483647;
			files = (
				2B0F07451DF688DD00384A57 /* BBStringExtension.swift in Sources */,
				2BF605C31E0028FD0010EA45 /* BBArrayExtension.swift in Sources */,
				2BF604E71DF805F70010EA45 /* UIComponent.swift in Sources */,
				2B6203801E01B74000232CBC /* BBBondExtension.swift in Sources */,
				2BF6049E1DF7E3DF0010EA45 /* BBSegue.swift in Sources */,
				2B6203371E018E9E00232CBC /* BBDateExtension.swift in Sources */,
				2B0F07481DF68AA300384A57 /* BBBPC.swift in Sources */,
				2BF604E91DF808790010EA45 /* BBUIViewExtension.swift in Sources */,
				2BF604721DF7E3D60010EA45 /* BBSegueUtil.swift in Sources */,
				2BCE687E1E1EA5FB000A5B0B /* UIAnimation.swift in Sources */,
				2B4FD0761E0C04F700192121 /* BBCGFloatExtension.swift in Sources */,
			);
			runOnlyForDeploymentPostprocessing = 0;
		};
		2BAC256D1DF5A73500655F19 /* Sources */ = {
			isa = PBXSourcesBuildPhase;
			buildActionMask = 2147483647;
			files = (
				2BAC25771DF5A73500655F19 /* BeakTests.swift in Sources */,
			);
			runOnlyForDeploymentPostprocessing = 0;
		};
/* End PBXSourcesBuildPhase section */

/* Begin PBXTargetDependency section */
		2BAC25741DF5A73500655F19 /* PBXTargetDependency */ = {
			isa = PBXTargetDependency;
			target = 2BAC25671DF5A73400655F19 /* Beak */;
			targetProxy = 2BAC25731DF5A73500655F19 /* PBXContainerItemProxy */;
		};
/* End PBXTargetDependency section */

/* Begin XCBuildConfiguration section */
		2B76EDA720A4572B00672A42 /* Release Test */ = {
			isa = XCBuildConfiguration;
			buildSettings = {
				ALWAYS_SEARCH_USER_PATHS = NO;
				CLANG_ANALYZER_NONNULL = YES;
				CLANG_CXX_LANGUAGE_STANDARD = "gnu++0x";
				CLANG_CXX_LIBRARY = "libc++";
				CLANG_ENABLE_MODULES = YES;
				CLANG_ENABLE_OBJC_ARC = YES;
				CLANG_WARN_BOOL_CONVERSION = YES;
				CLANG_WARN_CONSTANT_CONVERSION = YES;
				CLANG_WARN_DIRECT_OBJC_ISA_USAGE = YES_ERROR;
				CLANG_WARN_DOCUMENTATION_COMMENTS = YES;
				CLANG_WARN_EMPTY_BODY = YES;
				CLANG_WARN_ENUM_CONVERSION = YES;
				CLANG_WARN_INFINITE_RECURSION = YES;
				CLANG_WARN_INT_CONVERSION = YES;
				CLANG_WARN_OBJC_ROOT_CLASS = YES_ERROR;
				CLANG_WARN_SUSPICIOUS_MOVES = YES;
				CLANG_WARN_UNREACHABLE_CODE = YES;
				CLANG_WARN__DUPLICATE_METHOD_MATCH = YES;
				"CODE_SIGN_IDENTITY[sdk=iphoneos*]" = "iPhone Developer";
				COPY_PHASE_STRIP = NO;
				CURRENT_PROJECT_VERSION = 1;
				DEBUG_INFORMATION_FORMAT = dwarf;
				ENABLE_STRICT_OBJC_MSGSEND = YES;
				ENABLE_TESTABILITY = YES;
				GCC_C_LANGUAGE_STANDARD = gnu99;
				GCC_DYNAMIC_NO_PIC = NO;
				GCC_NO_COMMON_BLOCKS = YES;
				GCC_OPTIMIZATION_LEVEL = 0;
				GCC_PREPROCESSOR_DEFINITIONS = (
					"DEBUG=1",
					"$(inherited)",
				);
				GCC_WARN_64_TO_32_BIT_CONVERSION = YES;
				GCC_WARN_ABOUT_RETURN_TYPE = YES_ERROR;
				GCC_WARN_UNDECLARED_SELECTOR = YES;
				GCC_WARN_UNINITIALIZED_AUTOS = YES_AGGRESSIVE;
				GCC_WARN_UNUSED_FUNCTION = YES;
				GCC_WARN_UNUSED_VARIABLE = YES;
				IPHONEOS_DEPLOYMENT_TARGET = 10.1;
				MTL_ENABLE_DEBUG_INFO = YES;
				ONLY_ACTIVE_ARCH = YES;
				SDKROOT = iphoneos;
				SWIFT_ACTIVE_COMPILATION_CONDITIONS = DEBUG;
				SWIFT_OPTIMIZATION_LEVEL = "-Onone";
				TARGETED_DEVICE_FAMILY = "1,2";
				VERSIONING_SYSTEM = "apple-generic";
				VERSION_INFO_PREFIX = "";
			};
			name = "Release Test";
		};
		2B76EDA820A4572B00672A42 /* Release Test */ = {
			isa = XCBuildConfiguration;
			buildSettings = {
				APPLICATION_EXTENSION_API_ONLY = NO;
				CLANG_ENABLE_MODULES = YES;
				CODE_SIGN_IDENTITY = "";
				DEFINES_MODULE = YES;
				DEVELOPMENT_TEAM = "";
				DYLIB_COMPATIBILITY_VERSION = 1;
				DYLIB_CURRENT_VERSION = 1;
				DYLIB_INSTALL_NAME_BASE = "@rpath";
				INFOPLIST_FILE = Beak/Info.plist;
				INSTALL_PATH = "$(LOCAL_LIBRARY_DIR)/Frameworks";
				IPHONEOS_DEPLOYMENT_TARGET = 9.0;
				LD_RUNPATH_SEARCH_PATHS = "$(inherited) @executable_path/Frameworks @loader_path/Frameworks";
				PRODUCT_BUNDLE_IDENTIFIER = com.bargetor.ios.Beak;
				PRODUCT_NAME = "$(TARGET_NAME)";
				SKIP_INSTALL = YES;
				SWIFT_OPTIMIZATION_LEVEL = "-Onone";
				SWIFT_VERSION = 3.0;
				TARGETED_DEVICE_FAMILY = "1,2";
			};
			name = "Release Test";
		};
		2B76EDA920A4572B00672A42 /* Release Test */ = {
			isa = XCBuildConfiguration;
			buildSettings = {
				ALWAYS_EMBED_SWIFT_STANDARD_LIBRARIES = YES;
				DEVELOPMENT_TEAM = V8SUBFL28G;
				INFOPLIST_FILE = BeakTests/Info.plist;
				LD_RUNPATH_SEARCH_PATHS = "$(inherited) @executable_path/Frameworks @loader_path/Frameworks";
				PRODUCT_BUNDLE_IDENTIFIER = com.bargetor.ios.BeakTests;
				PRODUCT_NAME = "$(TARGET_NAME)";
				SWIFT_VERSION = 3.0;
			};
			name = "Release Test";
		};
		2B8AF3E21E52CF2E000284EF /* Ad Hot */ = {
			isa = XCBuildConfiguration;
			buildSettings = {
				ALWAYS_SEARCH_USER_PATHS = NO;
				CLANG_ANALYZER_NONNULL = YES;
				CLANG_CXX_LANGUAGE_STANDARD = "gnu++0x";
				CLANG_CXX_LIBRARY = "libc++";
				CLANG_ENABLE_MODULES = YES;
				CLANG_ENABLE_OBJC_ARC = YES;
				CLANG_WARN_BOOL_CONVERSION = YES;
				CLANG_WARN_CONSTANT_CONVERSION = YES;
				CLANG_WARN_DIRECT_OBJC_ISA_USAGE = YES_ERROR;
				CLANG_WARN_DOCUMENTATION_COMMENTS = YES;
				CLANG_WARN_EMPTY_BODY = YES;
				CLANG_WARN_ENUM_CONVERSION = YES;
				CLANG_WARN_INFINITE_RECURSION = YES;
				CLANG_WARN_INT_CONVERSION = YES;
				CLANG_WARN_OBJC_ROOT_CLASS = YES_ERROR;
				CLANG_WARN_SUSPICIOUS_MOVES = YES;
				CLANG_WARN_UNREACHABLE_CODE = YES;
				CLANG_WARN__DUPLICATE_METHOD_MATCH = YES;
				"CODE_SIGN_IDENTITY[sdk=iphoneos*]" = "iPhone Developer";
				COPY_PHASE_STRIP = NO;
				CURRENT_PROJECT_VERSION = 1;
				DEBUG_INFORMATION_FORMAT = "dwarf-with-dsym";
				ENABLE_NS_ASSERTIONS = NO;
				ENABLE_STRICT_OBJC_MSGSEND = YES;
				GCC_C_LANGUAGE_STANDARD = gnu99;
				GCC_NO_COMMON_BLOCKS = YES;
				GCC_WARN_64_TO_32_BIT_CONVERSION = YES;
				GCC_WARN_ABOUT_RETURN_TYPE = YES_ERROR;
				GCC_WARN_UNDECLARED_SELECTOR = YES;
				GCC_WARN_UNINITIALIZED_AUTOS = YES_AGGRESSIVE;
				GCC_WARN_UNUSED_FUNCTION = YES;
				GCC_WARN_UNUSED_VARIABLE = YES;
				IPHONEOS_DEPLOYMENT_TARGET = 10.1;
				MTL_ENABLE_DEBUG_INFO = NO;
				SDKROOT = iphoneos;
				SWIFT_OPTIMIZATION_LEVEL = "-Owholemodule";
				TARGETED_DEVICE_FAMILY = "1,2";
				VALIDATE_PRODUCT = YES;
				VERSIONING_SYSTEM = "apple-generic";
				VERSION_INFO_PREFIX = "";
			};
			name = "Ad Hot";
		};
		2B8AF3E31E52CF2E000284EF /* Ad Hot */ = {
			isa = XCBuildConfiguration;
			buildSettings = {
				APPLICATION_EXTENSION_API_ONLY = NO;
				CLANG_ENABLE_MODULES = YES;
				CODE_SIGN_IDENTITY = "";
				DEFINES_MODULE = YES;
				DEVELOPMENT_TEAM = "";
				DYLIB_COMPATIBILITY_VERSION = 1;
				DYLIB_CURRENT_VERSION = 1;
				DYLIB_INSTALL_NAME_BASE = "@rpath";
				INFOPLIST_FILE = Beak/Info.plist;
				INSTALL_PATH = "$(LOCAL_LIBRARY_DIR)/Frameworks";
				IPHONEOS_DEPLOYMENT_TARGET = 9.0;
				LD_RUNPATH_SEARCH_PATHS = "$(inherited) @executable_path/Frameworks @loader_path/Frameworks";
				ONLY_ACTIVE_ARCH = NO;
				PRODUCT_BUNDLE_IDENTIFIER = com.bargetor.ios.Beak;
				PRODUCT_NAME = "$(TARGET_NAME)";
				SKIP_INSTALL = YES;
				SWIFT_VERSION = 3.0;
				TARGETED_DEVICE_FAMILY = "1,2";
			};
			name = "Ad Hot";
		};
		2B8AF3E41E52CF2E000284EF /* Ad Hot */ = {
			isa = XCBuildConfiguration;
			buildSettings = {
				ALWAYS_EMBED_SWIFT_STANDARD_LIBRARIES = YES;
				DEVELOPMENT_TEAM = V8SUBFL28G;
				INFOPLIST_FILE = BeakTests/Info.plist;
				LD_RUNPATH_SEARCH_PATHS = "$(inherited) @executable_path/Frameworks @loader_path/Frameworks";
				PRODUCT_BUNDLE_IDENTIFIER = com.bargetor.ios.BeakTests;
				PRODUCT_NAME = "$(TARGET_NAME)";
				SWIFT_VERSION = 3.0;
			};
			name = "Ad Hot";
		};
		2BAC257A1DF5A73500655F19 /* Debug */ = {
			isa = XCBuildConfiguration;
			buildSettings = {
				ALWAYS_SEARCH_USER_PATHS = NO;
				CLANG_ANALYZER_NONNULL = YES;
				CLANG_CXX_LANGUAGE_STANDARD = "gnu++0x";
				CLANG_CXX_LIBRARY = "libc++";
				CLANG_ENABLE_MODULES = YES;
				CLANG_ENABLE_OBJC_ARC = YES;
				CLANG_WARN_BOOL_CONVERSION = YES;
				CLANG_WARN_CONSTANT_CONVERSION = YES;
				CLANG_WARN_DIRECT_OBJC_ISA_USAGE = YES_ERROR;
				CLANG_WARN_DOCUMENTATION_COMMENTS = YES;
				CLANG_WARN_EMPTY_BODY = YES;
				CLANG_WARN_ENUM_CONVERSION = YES;
				CLANG_WARN_INFINITE_RECURSION = YES;
				CLANG_WARN_INT_CONVERSION = YES;
				CLANG_WARN_OBJC_ROOT_CLASS = YES_ERROR;
				CLANG_WARN_SUSPICIOUS_MOVES = YES;
				CLANG_WARN_UNREACHABLE_CODE = YES;
				CLANG_WARN__DUPLICATE_METHOD_MATCH = YES;
				"CODE_SIGN_IDENTITY[sdk=iphoneos*]" = "iPhone Developer";
				COPY_PHASE_STRIP = NO;
				CURRENT_PROJECT_VERSION = 1;
				DEBUG_INFORMATION_FORMAT = dwarf;
				ENABLE_STRICT_OBJC_MSGSEND = YES;
				ENABLE_TESTABILITY = YES;
				GCC_C_LANGUAGE_STANDARD = gnu99;
				GCC_DYNAMIC_NO_PIC = NO;
				GCC_NO_COMMON_BLOCKS = YES;
				GCC_OPTIMIZATION_LEVEL = 0;
				GCC_PREPROCESSOR_DEFINITIONS = (
					"DEBUG=1",
					"$(inherited)",
				);
				GCC_WARN_64_TO_32_BIT_CONVERSION = YES;
				GCC_WARN_ABOUT_RETURN_TYPE = YES_ERROR;
				GCC_WARN_UNDECLARED_SELECTOR = YES;
				GCC_WARN_UNINITIALIZED_AUTOS = YES_AGGRESSIVE;
				GCC_WARN_UNUSED_FUNCTION = YES;
				GCC_WARN_UNUSED_VARIABLE = YES;
				IPHONEOS_DEPLOYMENT_TARGET = 10.1;
				MTL_ENABLE_DEBUG_INFO = YES;
				ONLY_ACTIVE_ARCH = YES;
				SDKROOT = iphoneos;
				SWIFT_ACTIVE_COMPILATION_CONDITIONS = DEBUG;
				SWIFT_OPTIMIZATION_LEVEL = "-Onone";
				TARGETED_DEVICE_FAMILY = "1,2";
				VERSIONING_SYSTEM = "apple-generic";
				VERSION_INFO_PREFIX = "";
			};
			name = Debug;
		};
		2BAC257B1DF5A73500655F19 /* Release */ = {
			isa = XCBuildConfiguration;
			buildSettings = {
				ALWAYS_SEARCH_USER_PATHS = NO;
				CLANG_ANALYZER_NONNULL = YES;
				CLANG_CXX_LANGUAGE_STANDARD = "gnu++0x";
				CLANG_CXX_LIBRARY = "libc++";
				CLANG_ENABLE_MODULES = YES;
				CLANG_ENABLE_OBJC_ARC = YES;
				CLANG_WARN_BOOL_CONVERSION = YES;
				CLANG_WARN_CONSTANT_CONVERSION = YES;
				CLANG_WARN_DIRECT_OBJC_ISA_USAGE = YES_ERROR;
				CLANG_WARN_DOCUMENTATION_COMMENTS = YES;
				CLANG_WARN_EMPTY_BODY = YES;
				CLANG_WARN_ENUM_CONVERSION = YES;
				CLANG_WARN_INFINITE_RECURSION = YES;
				CLANG_WARN_INT_CONVERSION = YES;
				CLANG_WARN_OBJC_ROOT_CLASS = YES_ERROR;
				CLANG_WARN_SUSPICIOUS_MOVES = YES;
				CLANG_WARN_UNREACHABLE_CODE = YES;
				CLANG_WARN__DUPLICATE_METHOD_MATCH = YES;
				"CODE_SIGN_IDENTITY[sdk=iphoneos*]" = "iPhone Developer";
				COPY_PHASE_STRIP = NO;
				CURRENT_PROJECT_VERSION = 1;
				DEBUG_INFORMATION_FORMAT = "dwarf-with-dsym";
				ENABLE_NS_ASSERTIONS = NO;
				ENABLE_STRICT_OBJC_MSGSEND = YES;
				GCC_C_LANGUAGE_STANDARD = gnu99;
				GCC_NO_COMMON_BLOCKS = YES;
				GCC_WARN_64_TO_32_BIT_CONVERSION = YES;
				GCC_WARN_ABOUT_RETURN_TYPE = YES_ERROR;
				GCC_WARN_UNDECLARED_SELECTOR = YES;
				GCC_WARN_UNINITIALIZED_AUTOS = YES_AGGRESSIVE;
				GCC_WARN_UNUSED_FUNCTION = YES;
				GCC_WARN_UNUSED_VARIABLE = YES;
				IPHONEOS_DEPLOYMENT_TARGET = 10.1;
				MTL_ENABLE_DEBUG_INFO = NO;
				SDKROOT = iphoneos;
				SWIFT_OPTIMIZATION_LEVEL = "-Owholemodule";
				TARGETED_DEVICE_FAMILY = "1,2";
				VALIDATE_PRODUCT = YES;
				VERSIONING_SYSTEM = "apple-generic";
				VERSION_INFO_PREFIX = "";
			};
			name = Release;
		};
		2BAC257D1DF5A73500655F19 /* Debug */ = {
			isa = XCBuildConfiguration;
			buildSettings = {
				APPLICATION_EXTENSION_API_ONLY = NO;
				CLANG_ENABLE_MODULES = YES;
				CODE_SIGN_IDENTITY = "";
				DEFINES_MODULE = YES;
				DEVELOPMENT_TEAM = "";
				DYLIB_COMPATIBILITY_VERSION = 1;
				DYLIB_CURRENT_VERSION = 1;
				DYLIB_INSTALL_NAME_BASE = "@rpath";
				INFOPLIST_FILE = Beak/Info.plist;
				INSTALL_PATH = "$(LOCAL_LIBRARY_DIR)/Frameworks";
				IPHONEOS_DEPLOYMENT_TARGET = 9.0;
				LD_RUNPATH_SEARCH_PATHS = "$(inherited) @executable_path/Frameworks @loader_path/Frameworks";
				PRODUCT_BUNDLE_IDENTIFIER = com.bargetor.ios.Beak;
				PRODUCT_NAME = "$(TARGET_NAME)";
				SKIP_INSTALL = YES;
				SWIFT_OPTIMIZATION_LEVEL = "-Onone";
				SWIFT_VERSION = 3.0;
				TARGETED_DEVICE_FAMILY = "1,2";
			};
			name = Debug;
		};
		2BAC257E1DF5A73500655F19 /* Release */ = {
			isa = XCBuildConfiguration;
			buildSettings = {
				APPLICATION_EXTENSION_API_ONLY = NO;
				CLANG_ENABLE_MODULES = YES;
				CODE_SIGN_IDENTITY = "";
				DEFINES_MODULE = YES;
				DEVELOPMENT_TEAM = "";
				DYLIB_COMPATIBILITY_VERSION = 1;
				DYLIB_CURRENT_VERSION = 1;
				DYLIB_INSTALL_NAME_BASE = "@rpath";
				INFOPLIST_FILE = Beak/Info.plist;
				INSTALL_PATH = "$(LOCAL_LIBRARY_DIR)/Frameworks";
				IPHONEOS_DEPLOYMENT_TARGET = 9.0;
				LD_RUNPATH_SEARCH_PATHS = "$(inherited) @executable_path/Frameworks @loader_path/Frameworks";
				ONLY_ACTIVE_ARCH = NO;
				PRODUCT_BUNDLE_IDENTIFIER = com.bargetor.ios.Beak;
				PRODUCT_NAME = "$(TARGET_NAME)";
				SKIP_INSTALL = YES;
				SWIFT_VERSION = 3.0;
				TARGETED_DEVICE_FAMILY = "1,2";
			};
			name = Release;
		};
		2BAC25801DF5A73500655F19 /* Debug */ = {
			isa = XCBuildConfiguration;
			buildSettings = {
				ALWAYS_EMBED_SWIFT_STANDARD_LIBRARIES = YES;
				DEVELOPMENT_TEAM = V8SUBFL28G;
				INFOPLIST_FILE = BeakTests/Info.plist;
				LD_RUNPATH_SEARCH_PATHS = "$(inherited) @executable_path/Frameworks @loader_path/Frameworks";
				PRODUCT_BUNDLE_IDENTIFIER = com.bargetor.ios.BeakTests;
				PRODUCT_NAME = "$(TARGET_NAME)";
				SWIFT_VERSION = 3.0;
			};
			name = Debug;
		};
		2BAC25811DF5A73500655F19 /* Release */ = {
			isa = XCBuildConfiguration;
			buildSettings = {
				ALWAYS_EMBED_SWIFT_STANDARD_LIBRARIES = YES;
				DEVELOPMENT_TEAM = V8SUBFL28G;
				INFOPLIST_FILE = BeakTests/Info.plist;
				LD_RUNPATH_SEARCH_PATHS = "$(inherited) @executable_path/Frameworks @loader_path/Frameworks";
				PRODUCT_BUNDLE_IDENTIFIER = com.bargetor.ios.BeakTests;
				PRODUCT_NAME = "$(TARGET_NAME)";
				SWIFT_VERSION = 3.0;
			};
			name = Release;
		};
/* End XCBuildConfiguration section */

/* Begin XCConfigurationList section */
		2BAC25621DF5A73400655F19 /* Build configuration list for PBXProject "Beak" */ = {
			isa = XCConfigurationList;
			buildConfigurations = (
				2BAC257A1DF5A73500655F19 /* Debug */,
				2B76EDA720A4572B00672A42 /* Release Test */,
				2BAC257B1DF5A73500655F19 /* Release */,
				2B8AF3E21E52CF2E000284EF /* Ad Hot */,
			);
			defaultConfigurationIsVisible = 0;
			defaultConfigurationName = Release;
		};
		2BAC257C1DF5A73500655F19 /* Build configuration list for PBXNativeTarget "Beak" */ = {
			isa = XCConfigurationList;
			buildConfigurations = (
				2BAC257D1DF5A73500655F19 /* Debug */,
				2B76EDA820A4572B00672A42 /* Release Test */,
				2BAC257E1DF5A73500655F19 /* Release */,
				2B8AF3E31E52CF2E000284EF /* Ad Hot */,
			);
			defaultConfigurationIsVisible = 0;
			defaultConfigurationName = Release;
		};
		2BAC257F1DF5A73500655F19 /* Build configuration list for PBXNativeTarget "BeakTests" */ = {
			isa = XCConfigurationList;
			buildConfigurations = (
				2BAC25801DF5A73500655F19 /* Debug */,
				2B76EDA920A4572B00672A42 /* Release Test */,
				2BAC25811DF5A73500655F19 /* Release */,
				2B8AF3E41E52CF2E000284EF /* Ad Hot */,
			);
			defaultConfigurationIsVisible = 0;
			defaultConfigurationName = Release;
		};
/* End XCConfigurationList section */
	};
	rootObject = 2BAC255F1DF5A73400655F19 /* Project object */;
}
